
Microsoft Visual Studio Solution File, Format Version 12.00
# Visual Studio Version 17
VisualStudioVersion = 17.11.35222.181
MinimumVisualStudioVersion = 10.0.40219.1
Project("{FAE04EC0-301F-11D3-BF4B-00C04F79EFBC}") = "Leccion4", "Leccion4.csproj", "{75F0EA32-B4F6-43B2-930B-3BEFC2D54115}"
EndProject
Global
	GlobalSection(SolutionConfigurationPlatforms) = preSolution
		Debug|Any CPU = Debug|Any CPU
		Release|Any CPU = Release|Any CPU
	EndGlobalSection
	GlobalSection(ProjectConfigurationPlatforms) = postSolution
		{75F0EA32-B4F6-43B2-930B-3BEFC2D54115}.Debug|Any CPU.ActiveCfg = Debug|Any CPU
		{75F0EA32-B4F6-43B2-930B-3BEFC2D54115}.Debug|Any CPU.Build.0 = Debug|Any CPU
		{75F0EA32-B4F6-43B2-930B-3BEFC2D54115}.Release|Any CPU.ActiveCfg = Release|Any CPU
		{75F0EA32-B4F6-43B2-930B-3BEFC2D54115}.Release|Any CPU.Build.0 = Release|Any CPU
	EndGlobalSection
	GlobalSection(SolutionProperties) = preSolution
		HideSolutionNode = FALSE
	EndGlobalSection
	GlobalSection(ExtensibilityGlobals) = postSolution
		SolutionGuid = {E60328D9-2E97-46CA-BD68-471AB8EEF12D}
	EndGlobalSection
EndGlobal
